// !$*UTF8*$!
{
	archiveVersion = 1;
	classes = {
	};
	objectVersion = 50;
	objects = {

/* Begin PBXBuildFile section */
		5927494321C14A1400CC0E6A /* AppDelegate.swift in Sources */ = {isa = PBXBuildFile; fileRef = 5927494221C14A1400CC0E6A /* AppDelegate.swift */; };
		5927494521C14A1400CC0E6A /* ViewController.swift in Sources */ = {isa = PBXBuildFile; fileRef = 5927494421C14A1400CC0E6A /* ViewController.swift */; };
		5927494821C14A1400CC0E6A /* Main.storyboard in Resources */ = {isa = PBXBuildFile; fileRef = 5927494621C14A1400CC0E6A /* Main.storyboard */; };
		5927494A21C14A1500CC0E6A /* Assets.xcassets in Resources */ = {isa = PBXBuildFile; fileRef = 5927494921C14A1500CC0E6A /* Assets.xcassets */; };
		5927494D21C14A1500CC0E6A /* LaunchScreen.storyboard in Resources */ = {isa = PBXBuildFile; fileRef = 5927494B21C14A1500CC0E6A /* LaunchScreen.storyboard */; };
		5927495821C14A1500CC0E6A /* ExtensionPropertyTests.swift in Sources */ = {isa = PBXBuildFile; fileRef = 5927495721C14A1500CC0E6A /* ExtensionPropertyTests.swift */; };
		5927496321C14A1500CC0E6A /* ExtensionPropertyUITests.swift in Sources */ = {isa = PBXBuildFile; fileRef = 5927496221C14A1500CC0E6A /* ExtensionPropertyUITests.swift */; };
		5927497121C14A3200CC0E6A /* ExtensionProperty.swift in Sources */ = {isa = PBXBuildFile; fileRef = 5927497021C14A3200CC0E6A /* ExtensionProperty.swift */; };
/* End PBXBuildFile section */

/* Begin PBXContainerItemProxy section */
		5927495421C14A1500CC0E6A /* PBXContainerItemProxy */ = {
			isa = PBXContainerItemProxy;
			containerPortal = 5927493721C14A1400CC0E6A /* Project object */;
			proxyType = 1;
			remoteGlobalIDString = 5927493E21C14A1400CC0E6A;
			remoteInfo = ExtensionProperty;
		};
		5927495F21C14A1500CC0E6A /* PBXContainerItemProxy */ = {
			isa = PBXContainerItemProxy;
			containerPortal = 5927493721C14A1400CC0E6A /* Project object */;
			proxyType = 1;
			remoteGlobalIDString = 5927493E21C14A1400CC0E6A;
			remoteInfo = ExtensionProperty;
		};
/* End PBXContainerItemProxy section */

/* Begin PBXFileReference section */
		5927493F21C14A1400CC0E6A /* ExtensionProperty.app */ = {isa = PBXFileReference; explicitFileType = wrapper.application; includeInIndex = 0; path = ExtensionProperty.app; sourceTree = BUILT_PRODUCTS_DIR; };
		5927494221C14A1400CC0E6A /* AppDelegate.swift */ = {isa = PBXFileReference; lastKnownFileType = sourcecode.swift; path = AppDelegate.swift; sourceTree = "<group>"; };
		5927494421C14A1400CC0E6A /* ViewController.swift */ = {isa = PBXFileReference; lastKnownFileType = sourcecode.swift; path = ViewController.swift; sourceTree = "<group>"; };
		5927494721C14A1400CC0E6A /* Base */ = {isa = PBXFileReference; lastKnownFileType = file.storyboard; name = Base; path = Base.lproj/Main.storyboard; sourceTree = "<group>"; };
		5927494921C14A1500CC0E6A /* Assets.xcassets */ = {isa = PBXFileReference; lastKnownFileType = folder.assetcatalog; path = Assets.xcassets; sourceTree = "<group>"; };
		5927494C21C14A1500CC0E6A /* Base */ = {isa = PBXFileReference; lastKnownFileType = file.storyboard; name = Base; path = Base.lproj/LaunchScreen.storyboard; sourceTree = "<group>"; };
		5927494E21C14A1500CC0E6A /* Info.plist */ = {isa = PBXFileReference; lastKnownFileType = text.plist.xml; path = Info.plist; sourceTree = "<group>"; };
		5927495321C14A1500CC0E6A /* ExtensionPropertyTests.xctest */ = {isa = PBXFileReference; explicitFileType = wrapper.cfbundle; includeInIndex = 0; path = ExtensionPropertyTests.xctest; sourceTree = BUILT_PRODUCTS_DIR; };
		5927495721C14A1500CC0E6A /* ExtensionPropertyTests.swift */ = {isa = PBXFileReference; lastKnownFileType = sourcecode.swift; path = ExtensionPropertyTests.swift; sourceTree = "<group>"; };
		5927495921C14A1500CC0E6A /* Info.plist */ = {isa = PBXFileReference; lastKnownFileType = text.plist.xml; path = Info.plist; sourceTree = "<group>"; };
		5927495E21C14A1500CC0E6A /* ExtensionPropertyUITests.xctest */ = {isa = PBXFileReference; explicitFileType = wrapper.cfbundle; includeInIndex = 0; path = ExtensionPropertyUITests.xctest; sourceTree = BUILT_PRODUCTS_DIR; };
		5927496221C14A1500CC0E6A /* ExtensionPropertyUITests.swift */ = {isa = PBXFileReference; lastKnownFileType = sourcecode.swift; path = ExtensionPropertyUITests.swift; sourceTree = "<group>"; };
		5927496421C14A1500CC0E6A /* Info.plist */ = {isa = PBXFileReference; lastKnownFileType = text.plist.xml; path = Info.plist; sourceTree = "<group>"; };
		5927497021C14A3200CC0E6A /* ExtensionProperty.swift */ = {isa = PBXFileReference; lastKnownFileType = sourcecode.swift; path = ExtensionProperty.swift; sourceTree = "<group>"; };
/* End PBXFileReference section */

/* Begin PBXFrameworksBuildPhase section */
		5927493C21C14A1400CC0E6A /* Frameworks */ = {
			isa = PBXFrameworksBuildPhase;
			buildActionMask = 2147483647;
			files = (
			);
			runOnlyForDeploymentPostprocessing = 0;
		};
		5927495021C14A1500CC0E6A /* Frameworks */ = {
			isa = PBXFrameworksBuildPhase;
			buildActionMask = 2147483647;
			files = (
			);
			runOnlyForDeploymentPostprocessing = 0;
		};
		5927495B21C14A1500CC0E6A /* Frameworks */ = {
			isa = PBXFrameworksBuildPhase;
			buildActionMask = 2147483647;
			files = (
			);
			runOnlyForDeploymentPostprocessing = 0;
		};
/* End PBXFrameworksBuildPhase section */

/* Begin PBXGroup section */
		5927493621C14A1400CC0E6A = {
			isa = PBXGroup;
			children = (
				5927494121C14A1400CC0E6A /* ExtensionProperty */,
				5927495621C14A1500CC0E6A /* ExtensionPropertyTests */,
				5927496121C14A1500CC0E6A /* ExtensionPropertyUITests */,
				5927494021C14A1400CC0E6A /* Products */,
			);
			sourceTree = "<group>";
		};
		5927494021C14A1400CC0E6A /* Products */ = {
			isa = PBXGroup;
			children = (
				5927493F21C14A1400CC0E6A /* ExtensionProperty.app */,
				5927495321C14A1500CC0E6A /* ExtensionPropertyTests.xctest */,
				5927495E21C14A1500CC0E6A /* ExtensionPropertyUITests.xctest */,
			);
			name = Products;
			sourceTree = "<group>";
		};
		5927494121C14A1400CC0E6A /* ExtensionProperty */ = {
			isa = PBXGroup;
			children = (
				5927494221C14A1400CC0E6A /* AppDelegate.swift */,
				5927494421C14A1400CC0E6A /* ViewController.swift */,
				5927494621C14A1400CC0E6A /* Main.storyboard */,
				5927494921C14A1500CC0E6A /* Assets.xcassets */,
				5927494B21C14A1500CC0E6A /* LaunchScreen.storyboard */,
				5927494E21C14A1500CC0E6A /* Info.plist */,
				5927497021C14A3200CC0E6A /* ExtensionProperty.swift */,
			);
			path = ExtensionProperty;
			sourceTree = "<group>";
		};
		5927495621C14A1500CC0E6A /* ExtensionPropertyTests */ = {
			isa = PBXGroup;
			children = (
				5927495721C14A1500CC0E6A /* ExtensionPropertyTests.swift */,
				5927495921C14A1500CC0E6A /* Info.plist */,
			);
			path = ExtensionPropertyTests;
			sourceTree = "<group>";
		};
		5927496121C14A1500CC0E6A /* ExtensionPropertyUITests */ = {
			isa = PBXGroup;
			children = (
				5927496221C14A1500CC0E6A /* ExtensionPropertyUITests.swift */,
				5927496421C14A1500CC0E6A /* Info.plist */,
			);
			path = ExtensionPropertyUITests;
			sourceTree = "<group>";
		};
/* End PBXGroup section */

/* Begin PBXNativeTarget section */
		5927493E21C14A1400CC0E6A /* ExtensionProperty */ = {
			isa = PBXNativeTarget;
			buildConfigurationList = 5927496721C14A1500CC0E6A /* Build configuration list for PBXNativeTarget "ExtensionProperty" */;
			buildPhases = (
				5927493B21C14A1400CC0E6A /* Sources */,
				5927493C21C14A1400CC0E6A /* Frameworks */,
				5927493D21C14A1400CC0E6A /* Resources */,
			);
			buildRules = (
			);
			dependencies = (
			);
			name = ExtensionProperty;
			productName = ExtensionProperty;
			productReference = 5927493F21C14A1400CC0E6A /* ExtensionProperty.app */;
			productType = "com.apple.product-type.application";
		};
		5927495221C14A1500CC0E6A /* ExtensionPropertyTests */ = {
			isa = PBXNativeTarget;
			buildConfigurationList = 5927496A21C14A1500CC0E6A /* Build configuration list for PBXNativeTarget "ExtensionPropertyTests" */;
			buildPhases = (
				5927494F21C14A1500CC0E6A /* Sources */,
				5927495021C14A1500CC0E6A /* Frameworks */,
				5927495121C14A1500CC0E6A /* Resources */,
			);
			buildRules = (
			);
			dependencies = (
				5927495521C14A1500CC0E6A /* PBXTargetDependency */,
			);
			name = ExtensionPropertyTests;
			productName = ExtensionPropertyTests;
			productReference = 5927495321C14A1500CC0E6A /* ExtensionPropertyTests.xctest */;
			productType = "com.apple.product-type.bundle.unit-test";
		};
		5927495D21C14A1500CC0E6A /* ExtensionPropertyUITests */ = {
			isa = PBXNativeTarget;
			buildConfigurationList = 5927496D21C14A1500CC0E6A /* Build configuration list for PBXNativeTarget "ExtensionPropertyUITests" */;
			buildPhases = (
				5927495A21C14A1500CC0E6A /* Sources */,
				5927495B21C14A1500CC0E6A /* Frameworks */,
				5927495C21C14A1500CC0E6A /* Resources */,
			);
			buildRules = (
			);
			dependencies = (
				5927496021C14A1500CC0E6A /* PBXTargetDependency */,
			);
			name = ExtensionPropertyUITests;
			productName = ExtensionPropertyUITests;
			productReference = 5927495E21C14A1500CC0E6A /* ExtensionPropertyUITests.xctest */;
			productType = "com.apple.product-type.bundle.ui-testing";
		};
/* End PBXNativeTarget section */

/* Begin PBXProject section */
		5927493721C14A1400CC0E6A /* Project object */ = {
			isa = PBXProject;
			attributes = {
				LastSwiftUpdateCheck = 1010;
				LastUpgradeCheck = 1010;
				ORGANIZATIONNAME = "takahiro yoshikawa";
				TargetAttributes = {
					5927493E21C14A1400CC0E6A = {
						CreatedOnToolsVersion = 10.1;
					};
					5927495221C14A1500CC0E6A = {
						CreatedOnToolsVersion = 10.1;
						TestTargetID = 5927493E21C14A1400CC0E6A;
					};
					5927495D21C14A1500CC0E6A = {
						CreatedOnToolsVersion = 10.1;
						TestTargetID = 5927493E21C14A1400CC0E6A;
					};
				};
			};
			buildConfigurationList = 5927493A21C14A1400CC0E6A /* Build configuration list for PBXProject "ExtensionProperty" */;
			compatibilityVersion = "Xcode 9.3";
			developmentRegion = en;
			hasScannedForEncodings = 0;
			knownRegions = (
				en,
				Base,
			);
			mainGroup = 5927493621C14A1400CC0E6A;
			productRefGroup = 5927494021C14A1400CC0E6A /* Products */;
			projectDirPath = "";
			projectRoot = "";
			targets = (
				5927493E21C14A1400CC0E6A /* ExtensionProperty */,
				5927495221C14A1500CC0E6A /* ExtensionPropertyTests */,
				5927495D21C14A1500CC0E6A /* ExtensionPropertyUITests */,
			);
		};
/* End PBXProject section */

/* Begin PBXResourcesBuildPhase section */
		5927493D21C14A1400CC0E6A /* Resources */ = {
			isa = PBXResourcesBuildPhase;
			buildActionMask = 2147483647;
			files = (
				5927494D21C14A1500CC0E6A /* LaunchScreen.storyboard in Resources */,
				5927494A21C14A1500CC0E6A /* Assets.xcassets in Resources */,
				5927494821C14A1400CC0E6A /* Main.storyboard in Resources */,
			);
			runOnlyForDeploymentPostprocessing = 0;
		};
		5927495121C14A1500CC0E6A /* Resources */ = {
			isa = PBXResourcesBuildPhase;
			buildActionMask = 2147483647;
			files = (
			);
			runOnlyForDeploymentPostprocessing = 0;
		};
		5927495C21C14A1500CC0E6A /* Resources */ = {
			isa = PBXResourcesBuildPhase;
			buildActionMask = 2147483647;
			files = (
			);
			runOnlyForDeploymentPostprocessing = 0;
		};
/* End PBXResourcesBuildPhase section */

/* Begin PBXSourcesBuildPhase section */
		5927493B21C14A1400CC0E6A /* Sources */ = {
			isa = PBXSourcesBuildPhase;
			buildActionMask = 2147483647;
			files = (
				5927494521C14A1400CC0E6A /* ViewController.swift in Sources */,
				5927497121C14A3200CC0E6A /* ExtensionProperty.swift in Sources */,
				5927494321C14A1400CC0E6A /* AppDelegate.swift in Sources */,
			);
			runOnlyForDeploymentPostprocessing = 0;
		};
		5927494F21C14A1500CC0E6A /* Sources */ = {
			isa = PBXSourcesBuildPhase;
			buildActionMask = 2147483647;
			files = (
				5927495821C14A1500CC0E6A /* ExtensionPropertyTests.swift in Sources */,
			);
			runOnlyForDeploymentPostprocessing = 0;
		};
		5927495A21C14A1500CC0E6A /* Sources */ = {
			isa = PBXSourcesBuildPhase;
			buildActionMask = 2147483647;
			files = (
				5927496321C14A1500CC0E6A /* ExtensionPropertyUITests.swift in Sources */,
			);
			runOnlyForDeploymentPostprocessing = 0;
		};
/* End PBXSourcesBuildPhase section */

/* Begin PBXTargetDependency section */
		5927495521C14A1500CC0E6A /* PBXTargetDependency */ = {
			isa = PBXTargetDependency;
			target = 5927493E21C14A1400CC0E6A /* ExtensionProperty */;
			targetProxy = 5927495421C14A1500CC0E6A /* PBXContainerItemProxy */;
		};
		5927496021C14A1500CC0E6A /* PBXTargetDependency */ = {
			isa = PBXTargetDependency;
			target = 5927493E21C14A1400CC0E6A /* ExtensionProperty */;
			targetProxy = 5927495F21C14A1500CC0E6A /* PBXContainerItemProxy */;
		};
/* End PBXTargetDependency section */

/* Begin PBXVariantGroup section */
		5927494621C14A1400CC0E6A /* Main.storyboard */ = {
			isa = PBXVariantGroup;
			children = (
				5927494721C14A1400CC0E6A /* Base */,
			);
			name = Main.storyboard;
			sourceTree = "<group>";
		};
		5927494B21C14A1500CC0E6A /* LaunchScreen.storyboard */ = {
			isa = PBXVariantGroup;
			children = (
				5927494C21C14A1500CC0E6A /* Base */,
			);
			name = LaunchScreen.storyboard;
			sourceTree = "<group>";
		};
/* End PBXVariantGroup section */

/* Begin XCBuildConfiguration section */
		5927496521C14A1500CC0E6A /* Debug */ = {
			isa = XCBuildConfiguration;
			buildSettings = {
				ALWAYS_SEARCH_USER_PATHS = NO;
				CLANG_ANALYZER_NONNULL = YES;
				CLANG_ANALYZER_NUMBER_OBJECT_CONVERSION = YES_AGGRESSIVE;
				CLANG_CXX_LANGUAGE_STANDARD = "gnu++14";
				CLANG_CXX_LIBRARY = "libc++";
				CLANG_ENABLE_MODULES = YES;
				CLANG_ENABLE_OBJC_ARC = YES;
				CLANG_ENABLE_OBJC_WEAK = YES;
				CLANG_WARN_BLOCK_CAPTURE_AUTORELEASING = YES;
				CLANG_WARN_BOOL_CONVERSION = YES;
				CLANG_WARN_COMMA = YES;
				CLANG_WARN_CONSTANT_CONVERSION = YES;
				CLANG_WARN_DEPRECATED_OBJC_IMPLEMENTATIONS = YES;
				CLANG_WARN_DIRECT_OBJC_ISA_USAGE = YES_ERROR;
				CLANG_WARN_DOCUMENTATION_COMMENTS = YES;
				CLANG_WARN_EMPTY_BODY = YES;
				CLANG_WARN_ENUM_CONVERSION = YES;
				CLANG_WARN_INFINITE_RECURSION = YES;
				CLANG_WARN_INT_CONVERSION = YES;
				CLANG_WARN_NON_LITERAL_NULL_CONVERSION = YES;
				CLANG_WARN_OBJC_IMPLICIT_RETAIN_SELF = YES;
				CLANG_WARN_OBJC_LITERAL_CONVERSION = YES;
				CLANG_WARN_OBJC_ROOT_CLASS = YES_ERROR;
				CLANG_WARN_RANGE_LOOP_ANALYSIS = YES;
				CLANG_WARN_STRICT_PROTOTYPES = YES;
				CLANG_WARN_SUSPICIOUS_MOVE = YES;
				CLANG_WARN_UNGUARDED_AVAILABILITY = YES_AGGRESSIVE;
				CLANG_WARN_UNREACHABLE_CODE = YES;
				CLANG_WARN__DUPLICATE_METHOD_MATCH = YES;
				CODE_SIGN_IDENTITY = "iPhone Developer";
				COPY_PHASE_STRIP = NO;
				DEBUG_INFORMATION_FORMAT = dwarf;
				ENABLE_STRICT_OBJC_MSGSEND = YES;
				ENABLE_TESTABILITY = YES;
				GCC_C_LANGUAGE_STANDARD = gnu11;
				GCC_DYNAMIC_NO_PIC = NO;
				GCC_NO_COMMON_BLOCKS = YES;
				GCC_OPTIMIZATION_LEVEL = 0;
				GCC_PREPROCESSOR_DEFINITIONS = (
					"DEBUG=1",
					"$(inherited)",
				);
				GCC_WARN_64_TO_32_BIT_CONVERSION = YES;
				GCC_WARN_ABOUT_RETURN_TYPE = YES_ERROR;
				GCC_WARN_UNDECLARED_SELECTOR = YES;
				GCC_WARN_UNINITIALIZED_AUTOS = YES_AGGRESSIVE;
				GCC_WARN_UNUSED_FUNCTION = YES;
				GCC_WARN_UNUSED_VARIABLE = YES;
				IPHONEOS_DEPLOYMENT_TARGET = 12.1;
				MTL_ENABLE_DEBUG_INFO = INCLUDE_SOURCE;
				MTL_FAST_MATH = YES;
				ONLY_ACTIVE_ARCH = YES;
				SDKROOT = iphoneos;
				SWIFT_ACTIVE_COMPILATION_CONDITIONS = DEBUG;
				SWIFT_OPTIMIZATION_LEVEL = "-Onone";
			};
			name = Debug;
		};
		5927496621C14A1500CC0E6A /* Release */ = {
			isa = XCBuildConfiguration;
			buildSettings = {
				ALWAYS_SEARCH_USER_PATHS = NO;
				CLANG_ANALYZER_NONNULL = YES;
				CLANG_ANALYZER_NUMBER_OBJECT_CONVERSION = YES_AGGRESSIVE;
				CLANG_CXX_LANGUAGE_STANDARD = "gnu++14";
				CLANG_CXX_LIBRARY = "libc++";
				CLANG_ENABLE_MODULES = YES;
				CLANG_ENABLE_OBJC_ARC = YES;
				CLANG_ENABLE_OBJC_WEAK = YES;
				CLANG_WARN_BLOCK_CAPTURE_AUTORELEASING = YES;
				CLANG_WARN_BOOL_CONVERSION = YES;
				CLANG_WARN_COMMA = YES;
				CLANG_WARN_CONSTANT_CONVERSION = YES;
				CLANG_WARN_DEPRECATED_OBJC_IMPLEMENTATIONS = YES;
				CLANG_WARN_DIRECT_OBJC_ISA_USAGE = YES_ERROR;
				CLANG_WARN_DOCUMENTATION_COMMENTS = YES;
				CLANG_WARN_EMPTY_BODY = YES;
				CLANG_WARN_ENUM_CONVERSION = YES;
				CLANG_WARN_INFINITE_RECURSION = YES;
				CLANG_WARN_INT_CONVERSION = YES;
				CLANG_WARN_NON_LITERAL_NULL_CONVERSION = YES;
				CLANG_WARN_OBJC_IMPLICIT_RETAIN_SELF = YES;
				CLANG_WARN_OBJC_LITERAL_CONVERSION = YES;
				CLANG_WARN_OBJC_ROOT_CLASS = YES_ERROR;
				CLANG_WARN_RANGE_LOOP_ANALYSIS = YES;
				CLANG_WARN_STRICT_PROTOTYPES = YES;
				CLANG_WARN_SUSPICIOUS_MOVE = YES;
				CLANG_WARN_UNGUARDED_AVAILABILITY = YES_AGGRESSIVE;
				CLANG_WARN_UNREACHABLE_CODE = YES;
				CLANG_WARN__DUPLICATE_METHOD_MATCH = YES;
				CODE_SIGN_IDENTITY = "iPhone Developer";
				COPY_PHASE_STRIP = NO;
				DEBUG_INFORMATION_FORMAT = "dwarf-with-dsym";
				ENABLE_NS_ASSERTIONS = NO;
				ENABLE_STRICT_OBJC_MSGSEND = YES;
				GCC_C_LANGUAGE_STANDARD = gnu11;
				GCC_NO_COMMON_BLOCKS = YES;
				GCC_WARN_64_TO_32_BIT_CONVERSION = YES;
				GCC_WARN_ABOUT_RETURN_TYPE = YES_ERROR;
				GCC_WARN_UNDECLARED_SELECTOR = YES;
				GCC_WARN_UNINITIALIZED_AUTOS = YES_AGGRESSIVE;
				GCC_WARN_UNUSED_FUNCTION = YES;
				GCC_WARN_UNUSED_VARIABLE = YES;
				IPHONEOS_DEPLOYMENT_TARGET = 12.1;
				MTL_ENABLE_DEBUG_INFO = NO;
				MTL_FAST_MATH = YES;
				SDKROOT = iphoneos;
				SWIFT_COMPILATION_MODE = wholemodule;
				SWIFT_OPTIMIZATION_LEVEL = "-O";
				VALIDATE_PRODUCT = YES;
			};
			name = Release;
		};
		5927496821C14A1500CC0E6A /* Debug */ = {
			isa = XCBuildConfiguration;
			buildSettings = {
				ASSETCATALOG_COMPILER_APPICON_NAME = AppIcon;
				CODE_SIGN_STYLE = Automatic;
				DEVELOPMENT_TEAM = LC262FF5YU;
				INFOPLIST_FILE = ExtensionProperty/Info.plist;
				LD_RUNPATH_SEARCH_PATHS = (
					"$(inherited)",
					"@executable_path/Frameworks",
				);
				PRODUCT_BUNDLE_IDENTIFIER = com.aihasayahukoma7.ExtensionProperty;
				PRODUCT_NAME = "$(TARGET_NAME)";
				SWIFT_VERSION = 4.2;
				TARGETED_DEVICE_FAMILY = "1,2";
			};
			name = Debug;
		};
		5927496921C14A1500CC0E6A /* Release */ = {
			isa = XCBuildConfiguration;
			buildSettings = {
				ASSETCATALOG_COMPILER_APPICON_NAME = AppIcon;
				CODE_SIGN_STYLE = Automatic;
				DEVELOPMENT_TEAM = LC262FF5YU;
				INFOPLIST_FILE = ExtensionProperty/Info.plist;
				LD_RUNPATH_SEARCH_PATHS = (
					"$(inherited)",
					"@executable_path/Frameworks",
				);
				PRODUCT_BUNDLE_IDENTIFIER = com.aihasayahukoma7.ExtensionProperty;
				PRODUCT_NAME = "$(TARGET_NAME)";
				SWIFT_VERSION = 4.2;
				TARGETED_DEVICE_FAMILY = "1,2";
			};
			name = Release;
		};
		5927496B21C14A1500CC0E6A /* Debug */ = {
			isa = XCBuildConfiguration;
			buildSettings = {
				ALWAYS_EMBED_SWIFT_STANDARD_LIBRARIES = YES;
				BUNDLE_LOADER = "$(TEST_HOST)";
				CODE_SIGN_STYLE = Automatic;
				DEVELOPMENT_TEAM = LC262FF5YU;
				INFOPLIST_FILE = ExtensionPropertyTests/Info.plist;
				LD_RUNPATH_SEARCH_PATHS = (
					"$(inherited)",
					"@executable_path/Frameworks",
					"@loader_path/Frameworks",
				);
				PRODUCT_BUNDLE_IDENTIFIER = com.aihasayahukoma7.ExtensionPropertyTests;
				PRODUCT_NAME = "$(TARGET_NAME)";
				SWIFT_VERSION = 4.2;
				TARGETED_DEVICE_FAMILY = "1,2";
				TEST_HOST = "$(BUILT_PRODUCTS_DIR)/ExtensionProperty.app/ExtensionProperty";
			};
			name = Debug;
		};
		5927496C21C14A1500CC0E6A /* Release */ = {
			isa = XCBuildConfiguration;
			buildSettings = {
				ALWAYS_EMBED_SWIFT_STANDARD_LIBRARIES = YES;
				BUNDLE_LOADER = "$(TEST_HOST)";
				CODE_SIGN_STYLE = Automatic;
				DEVELOPMENT_TEAM = LC262FF5YU;
				INFOPLIST_FILE = ExtensionPropertyTests/Info.plist;
				LD_RUNPATH_SEARCH_PATHS = (
					"$(inherited)",
					"@executable_path/Frameworks",
					"@loader_path/Frameworks",
				);
				PRODUCT_BUNDLE_IDENTIFIER = com.aihasayahukoma7.ExtensionPropertyTests;
				PRODUCT_NAME = "$(TARGET_NAME)";
				SWIFT_VERSION = 4.2;
				TARGETED_DEVICE_FAMILY = "1,2";
				TEST_HOST = "$(BUILT_PRODUCTS_DIR)/ExtensionProperty.app/ExtensionProperty";
			};
			name = Release;
		};
		5927496E21C14A1500CC0E6A /* Debug */ = {
			isa = XCBuildConfiguration;
			buildSettings = {
				ALWAYS_EMBED_SWIFT_STANDARD_LIBRARIES = YES;
				CODE_SIGN_STYLE = Automatic;
				DEVELOPMENT_TEAM = LC262FF5YU;
				INFOPLIST_FILE = ExtensionPropertyUITests/Info.plist;
				LD_RUNPATH_SEARCH_PATHS = (
					"$(inherited)",
					"@executable_path/Frameworks",
					"@loader_path/Frameworks",
				);
				PRODUCT_BUNDLE_IDENTIFIER = com.aihasayahukoma7.ExtensionPropertyUITests;
				PRODUCT_NAME = "$(TARGET_NAME)";
				SWIFT_VERSION = 4.2;
				TARGETED_DEVICE_FAMILY = "1,2";
				TEST_TARGET_NAME = ExtensionProperty;
			};
			name = Debug;
		};
		5927496F21C14A1500CC0E6A /* Release */ = {
			isa = XCBuildConfiguration;
			buildSettings = {
				ALWAYS_EMBED_SWIFT_STANDARD_LIBRARIES = YES;
				CODE_SIGN_STYLE = Automatic;
				DEVELOPMENT_TEAM = LC262FF5YU;
				INFOPLIST_FILE = ExtensionPropertyUITests/Info.plist;
				LD_RUNPATH_SEARCH_PATHS = (
					"$(inherited)",
					"@executable_path/Frameworks",
					"@loader_path/Frameworks",
				);
				PRODUCT_BUNDLE_IDENTIFIER = com.aihasayahukoma7.ExtensionPropertyUITests;
				PRODUCT_NAME = "$(TARGET_NAME)";
				SWIFT_VERSION = 4.2;
				TARGETED_DEVICE_FAMILY = "1,2";
				TEST_TARGET_NAME = ExtensionProperty;
			};
			name = Release;
		};
/* End XCBuildConfiguration section */

/* Begin XCConfigurationList section */
		5927493A21C14A1400CC0E6A /* Build configuration list for PBXProject "ExtensionProperty" */ = {
			isa = XCConfigurationList;
			buildConfigurations = (
				5927496521C14A1500CC0E6A /* Debug */,
				5927496621C14A1500CC0E6A /* Release */,
			);
			defaultConfigurationIsVisible = 0;
			defaultConfigurationName = Release;
		};
		5927496721C14A1500CC0E6A /* Build configuration list for PBXNativeTarget "ExtensionProperty" */ = {
			isa = XCConfigurationList;
			buildConfigurations = (
				5927496821C14A1500CC0E6A /* Debug */,
				5927496921C14A1500CC0E6A /* Release */,
			);
			defaultConfigurationIsVisible = 0;
			defaultConfigurationName = Release;
		};
		5927496A21C14A1500CC0E6A /* Build configuration list for PBXNativeTarget "ExtensionPropertyTests" */ = {
			isa = XCConfigurationList;
			buildConfigurations = (
				5927496B21C14A1500CC0E6A /* Debug */,
				5927496C21C14A1500CC0E6A /* Release */,
			);
			defaultConfigurationIsVisible = 0;
			defaultConfigurationName = Release;
		};
		5927496D21C14A1500CC0E6A /* Build configuration list for PBXNativeTarget "ExtensionPropertyUITests" */ = {
			isa = XCConfigurationList;
			buildConfigurations = (
				5927496E21C14A1500CC0E6A /* Debug */,
				5927496F21C14A1500CC0E6A /* Release */,
			);
			defaultConfigurationIsVisible = 0;
			defaultConfigurationName = Release;
		};
/* End XCConfigurationList section */
	};
	rootObject = 5927493721C14A1400CC0E6A /* Project object */;
}
